
Microsoft Visual Studio Solution File, Format Version 12.00
# Visual Studio Version 17
VisualStudioVersion = 17.14.36616.10 d17.14
MinimumVisualStudioVersion = 10.0.40219.1
Project("{FAE04EC0-301F-11D3-BF4B-00C04F79EFBC}") = "Lab7_Menus", "Lab7_Menus\Lab7_Menus.csproj", "{F7779675-8328-45B8-87CE-79E2466CA62B}"
EndProject
Global
	GlobalSection(SolutionConfigurationPlatforms) = preSolution
		Debug|Any CPU = Debug|Any CPU
		Release|Any CPU = Release|Any CPU
	EndGlobalSection
	GlobalSection(ProjectConfigurationPlatforms) = postSolution
		{F7779675-8328-45B8-87CE-79E2466CA62B}.Debug|Any CPU.ActiveCfg = Debug|Any CPU
		{F7779675-8328-45B8-87CE-79E2466CA62B}.Debug|Any CPU.Build.0 = Debug|Any CPU
		{F7779675-8328-45B8-87CE-79E2466CA62B}.Release|Any CPU.ActiveCfg = Release|Any CPU
		{F7779675-8328-45B8-87CE-79E2466CA62B}.Release|Any CPU.Build.0 = Release|Any CPU
	EndGlobalSection
	GlobalSection(SolutionProperties) = preSolution
		HideSolutionNode = FALSE
	EndGlobalSection
	GlobalSection(ExtensibilityGlobals) = postSolution
		SolutionGuid = {5E4F1DFC-167C-45FF-AA42-B700318BF64B}
	EndGlobalSection
EndGlobal
